
Microsoft Visual Studio Solution File, Format Version 12.00
# Visual Studio Version 17
VisualStudioVersion = 17.0.31611.283
MinimumVisualStudioVersion = 10.0.40219.1
Project("{9A19103F-16F7-4668-BE54-9A1E7A4F7556}") = "TarefasApp.UI", "TarefasApp.UI\TarefasApp.UI.csproj", "{18403C43-9296-4769-8C78-B417EF426135}"
EndProject
Project("{2150E333-8FDC-42A3-9474-1A3956D46DE8}") = "1 - UI Layer", "1 - UI Layer", "{C4706DA1-1D22-4C1B-914C-80DC6D3AE0EE}"
EndProject
Project("{2150E333-8FDC-42A3-9474-1A3956D46DE8}") = "2 - Services Layer", "2 - Services Layer", "{A0BF0E7A-D447-470C-8E2C-69F0E58D97BF}"
EndProject
Project("{FAE04EC0-301F-11D3-BF4B-00C04F79EFBC}") = "TarefasApp.Services", "TarefasApp.Services\TarefasApp.Services.csproj", "{EAAC6663-74D4-4628-8475-9F7D99187E05}"
EndProject
Global
	GlobalSection(SolutionConfigurationPlatforms) = preSolution
		Debug|Any CPU = Debug|Any CPU
		Release|Any CPU = Release|Any CPU
	EndGlobalSection
	GlobalSection(ProjectConfigurationPlatforms) = postSolution
		{18403C43-9296-4769-8C78-B417EF426135}.Debug|Any CPU.ActiveCfg = Debug|Any CPU
		{18403C43-9296-4769-8C78-B417EF426135}.Debug|Any CPU.Build.0 = Debug|Any CPU
		{18403C43-9296-4769-8C78-B417EF426135}.Debug|Any CPU.Deploy.0 = Debug|Any CPU
		{18403C43-9296-4769-8C78-B417EF426135}.Release|Any CPU.ActiveCfg = Release|Any CPU
		{18403C43-9296-4769-8C78-B417EF426135}.Release|Any CPU.Build.0 = Release|Any CPU
		{18403C43-9296-4769-8C78-B417EF426135}.Release|Any CPU.Deploy.0 = Release|Any CPU
		{EAAC6663-74D4-4628-8475-9F7D99187E05}.Debug|Any CPU.ActiveCfg = Debug|Any CPU
		{EAAC6663-74D4-4628-8475-9F7D99187E05}.Debug|Any CPU.Build.0 = Debug|Any CPU
		{EAAC6663-74D4-4628-8475-9F7D99187E05}.Release|Any CPU.ActiveCfg = Release|Any CPU
		{EAAC6663-74D4-4628-8475-9F7D99187E05}.Release|Any CPU.Build.0 = Release|Any CPU
	EndGlobalSection
	GlobalSection(SolutionProperties) = preSolution
		HideSolutionNode = FALSE
	EndGlobalSection
	GlobalSection(NestedProjects) = preSolution
		{18403C43-9296-4769-8C78-B417EF426135} = {C4706DA1-1D22-4C1B-914C-80DC6D3AE0EE}
		{EAAC6663-74D4-4628-8475-9F7D99187E05} = {A0BF0E7A-D447-470C-8E2C-69F0E58D97BF}
	EndGlobalSection
	GlobalSection(ExtensibilityGlobals) = postSolution
		SolutionGuid = {61F7FB11-1E47-470C-91E2-47F8143E1572}
	EndGlobalSection
EndGlobal
